
Microsoft Visual Studio Solution File, Format Version 12.00
# Visual Studio Version 17
VisualStudioVersion = 17.5.2.0
MinimumVisualStudioVersion = 10.0.40219.1
Project("{FAE04EC0-301F-11D3-BF4B-00C04F79EFBC}") = "Aula24EfCore", "Aula24EfCore\Aula24EfCore.csproj", "{68871F44-F187-117E-542C-3A0CE17079EC}"
EndProject
Project("{FAE04EC0-301F-11D3-BF4B-00C04F79EFBC}") = "Aula24EfCore.Tests", "Aula24EfCore.Tests\Aula24EfCore.Tests.csproj", "{DE63E9DE-8F2D-4B32-A100-EEC92E68B0F1}"
EndProject
Global
	GlobalSection(SolutionConfigurationPlatforms) = preSolution
		Debug|Any CPU = Debug|Any CPU
		Debug|x64 = Debug|x64
		Debug|x86 = Debug|x86
		Release|Any CPU = Release|Any CPU
		Release|x64 = Release|x64
		Release|x86 = Release|x86
	EndGlobalSection
	GlobalSection(ProjectConfigurationPlatforms) = postSolution
		{68871F44-F187-117E-542C-3A0CE17079EC}.Debug|Any CPU.ActiveCfg = Debug|Any CPU
		{68871F44-F187-117E-542C-3A0CE17079EC}.Debug|Any CPU.Build.0 = Debug|Any CPU
		{68871F44-F187-117E-542C-3A0CE17079EC}.Debug|x64.ActiveCfg = Debug|Any CPU
		{68871F44-F187-117E-542C-3A0CE17079EC}.Debug|x64.Build.0 = Debug|Any CPU
		{68871F44-F187-117E-542C-3A0CE17079EC}.Debug|x86.ActiveCfg = Debug|Any CPU
		{68871F44-F187-117E-542C-3A0CE17079EC}.Debug|x86.Build.0 = Debug|Any CPU
		{68871F44-F187-117E-542C-3A0CE17079EC}.Release|Any CPU.ActiveCfg = Release|Any CPU
		{68871F44-F187-117E-542C-3A0CE17079EC}.Release|Any CPU.Build.0 = Release|Any CPU
		{68871F44-F187-117E-542C-3A0CE17079EC}.Release|x64.ActiveCfg = Release|Any CPU
		{68871F44-F187-117E-542C-3A0CE17079EC}.Release|x64.Build.0 = Release|Any CPU
		{68871F44-F187-117E-542C-3A0CE17079EC}.Release|x86.ActiveCfg = Release|Any CPU
		{68871F44-F187-117E-542C-3A0CE17079EC}.Release|x86.Build.0 = Release|Any CPU
		{DE63E9DE-8F2D-4B32-A100-EEC92E68B0F1}.Debug|Any CPU.ActiveCfg = Debug|Any CPU
		{DE63E9DE-8F2D-4B32-A100-EEC92E68B0F1}.Debug|Any CPU.Build.0 = Debug|Any CPU
		{DE63E9DE-8F2D-4B32-A100-EEC92E68B0F1}.Debug|x64.ActiveCfg = Debug|Any CPU
		{DE63E9DE-8F2D-4B32-A100-EEC92E68B0F1}.Debug|x64.Build.0 = Debug|Any CPU
		{DE63E9DE-8F2D-4B32-A100-EEC92E68B0F1}.Debug|x86.ActiveCfg = Debug|Any CPU
		{DE63E9DE-8F2D-4B32-A100-EEC92E68B0F1}.Debug|x86.Build.0 = Debug|Any CPU
		{DE63E9DE-8F2D-4B32-A100-EEC92E68B0F1}.Release|Any CPU.ActiveCfg = Release|Any CPU
		{DE63E9DE-8F2D-4B32-A100-EEC92E68B0F1}.Release|Any CPU.Build.0 = Release|Any CPU
		{DE63E9DE-8F2D-4B32-A100-EEC92E68B0F1}.Release|x64.ActiveCfg = Release|Any CPU
		{DE63E9DE-8F2D-4B32-A100-EEC92E68B0F1}.Release|x64.Build.0 = Release|Any CPU
		{DE63E9DE-8F2D-4B32-A100-EEC92E68B0F1}.Release|x86.ActiveCfg = Release|Any CPU
		{DE63E9DE-8F2D-4B32-A100-EEC92E68B0F1}.Release|x86.Build.0 = Release|Any CPU
	EndGlobalSection
	GlobalSection(SolutionProperties) = preSolution
		HideSolutionNode = FALSE
	EndGlobalSection
	GlobalSection(ExtensibilityGlobals) = postSolution
		SolutionGuid = {BE1F590A-557A-4181-8A24-C5DF9B181D29}
	EndGlobalSection
EndGlobal
